// !$*UTF8*$!
{
	archiveVersion = 1;
	classes = {
	};
	objectVersion = 46;
	objects = {

/* Begin PBXBuildFile section */
		183280701E715E770090110C /* main.m in Sources */ = {isa = PBXBuildFile; fileRef = 1832806F1E715E770090110C /* main.m */; };
		183280731E715E770090110C /* AppDelegate.m in Sources */ = {isa = PBXBuildFile; fileRef = 183280721E715E770090110C /* AppDelegate.m */; };
		183280761E715E770090110C /* ViewController.m in Sources */ = {isa = PBXBuildFile; fileRef = 183280751E715E770090110C /* ViewController.m */; };
		183280791E715E770090110C /* Main.storyboard in Resources */ = {isa = PBXBuildFile; fileRef = 183280771E715E770090110C /* Main.storyboard */; };
		1832807B1E715E770090110C /* Assets.xcassets in Resources */ = {isa = PBXBuildFile; fileRef = 1832807A1E715E770090110C /* Assets.xcassets */; };
		1832807E1E715E770090110C /* LaunchScreen.storyboard in Resources */ = {isa = PBXBuildFile; fileRef = 1832807C1E715E770090110C /* LaunchScreen.storyboard */; };
/* End PBXBuildFile section */

/* Begin PBXFileReference section */
		1832806B1E715E770090110C /* LeastSquare.app */ = {isa = PBXFileReference; explicitFileType = wrapper.application; includeInIndex = 0; path = LeastSquare.app; sourceTree = BUILT_PRODUCTS_DIR; };
		1832806F1E715E770090110C /* main.m */ = {isa = PBXFileReference; lastKnownFileType = sourcecode.c.objc; path = main.m; sourceTree = "<group>"; };
		183280711E715E770090110C /* AppDelegate.h */ = {isa = PBXFileReference; lastKnownFileType = sourcecode.c.h; path = AppDelegate.h; sourceTree = "<group>"; };
		183280721E715E770090110C /* AppDelegate.m */ = {isa = PBXFileReference; lastKnownFileType = sourcecode.c.objc; path = AppDelegate.m; sourceTree = "<group>"; };
		183280741E715E770090110C /* ViewController.h */ = {isa = PBXFileReference; lastKnownFileType = sourcecode.c.h; path = ViewController.h; sourceTree = "<group>"; };
		183280751E715E770090110C /* ViewController.m */ = {isa = PBXFileReference; lastKnownFileType = sourcecode.c.objc; path = ViewController.m; sourceTree = "<group>"; };
		183280781E715E770090110C /* Base */ = {isa = PBXFileReference; lastKnownFileType = file.storyboard; name = Base; path = Base.lproj/Main.storyboard; sourceTree = "<group>"; };
		1832807A1E715E770090110C /* Assets.xcassets */ = {isa = PBXFileReference; lastKnownFileType = folder.assetcatalog; path = Assets.xcassets; sourceTree = "<group>"; };
		1832807D1E715E770090110C /* Base */ = {isa = PBXFileReference; lastKnownFileType = file.storyboard; name = Base; path = Base.lproj/LaunchScreen.storyboard; sourceTree = "<group>"; };
		1832807F1E715E770090110C /* Info.plist */ = {isa = PBXFileReference; lastKnownFileType = text.plist.xml; path = Info.plist; sourceTree = "<group>"; };
/* End PBXFileReference section */

/* Begin PBXFrameworksBuildPhase section */
		183280681E715E770090110C /* Frameworks */ = {
			isa = PBXFrameworksBuildPhase;
			buildActionMask = 2147483647;
			files = (
			);
			runOnlyForDeploymentPostprocessing = 0;
		};
/* End PBXFrameworksBuildPhase section */

/* Begin PBXGroup section */
		183280621E715E770090110C = {
			isa = PBXGroup;
			children = (
				1832806D1E715E770090110C /* LeastSquare */,
				1832806C1E715E770090110C /* Products */,
			);
			sourceTree = "<group>";
		};
		1832806C1E715E770090110C /* Products */ = {
			isa = PBXGroup;
			children = (
				1832806B1E715E770090110C /* LeastSquare.app */,
			);
			name = Products;
			sourceTree = "<group>";
		};
		1832806D1E715E770090110C /* LeastSquare */ = {
			isa = PBXGroup;
			children = (
				183280711E715E770090110C /* AppDelegate.h */,
				183280721E715E770090110C /* AppDelegate.m */,
				183280741E715E770090110C /* ViewController.h */,
				183280751E715E770090110C /* ViewController.m */,
				183280771E715E770090110C /* Main.storyboard */,
				1832807A1E715E770090110C /* Assets.xcassets */,
				1832807C1E715E770090110C /* LaunchScreen.storyboard */,
				1832807F1E715E770090110C /* Info.plist */,
				1832806E1E715E770090110C /* Supporting Files */,
			);
			path = LeastSquare;
			sourceTree = "<group>";
		};
		1832806E1E715E770090110C /* Supporting Files */ = {
			isa = PBXGroup;
			children = (
				1832806F1E715E770090110C /* main.m */,
			);
			name = "Supporting Files";
			sourceTree = "<group>";
		};
/* End PBXGroup section */

/* Begin PBXNativeTarget section */
		1832806A1E715E770090110C /* LeastSquare */ = {
			isa = PBXNativeTarget;
			buildConfigurationList = 183280821E715E770090110C /* Build configuration list for PBXNativeTarget "LeastSquare" */;
			buildPhases = (
				183280671E715E770090110C /* Sources */,
				183280681E715E770090110C /* Frameworks */,
				183280691E715E770090110C /* Resources */,
			);
			buildRules = (
			);
			dependencies = (
			);
			name = LeastSquare;
			productName = LeastSquare;
			productReference = 1832806B1E715E770090110C /* LeastSquare.app */;
			productType = "com.apple.product-type.application";
		};
/* End PBXNativeTarget section */

/* Begin PBXProject section */
		183280631E715E770090110C /* Project object */ = {
			isa = PBXProject;
			attributes = {
				LastUpgradeCheck = 0800;
				ORGANIZATIONNAME = BigShow1949;
				TargetAttributes = {
					1832806A1E715E770090110C = {
						CreatedOnToolsVersion = 8.0;
						DevelopmentTeam = 686TP5D9Q7;
						ProvisioningStyle = Automatic;
					};
				};
			};
			buildConfigurationList = 183280661E715E770090110C /* Build configuration list for PBXProject "LeastSquare" */;
			compatibilityVersion = "Xcode 3.2";
			developmentRegion = English;
			hasScannedForEncodings = 0;
			knownRegions = (
				en,
				Base,
			);
			mainGroup = 183280621E715E770090110C;
			productRefGroup = 1832806C1E715E770090110C /* Products */;
			projectDirPath = "";
			projectRoot = "";
			targets = (
				1832806A1E715E770090110C /* LeastSquare */,
			);
		};
/* End PBXProject section */

/* Begin PBXResourcesBuildPhase section */
		183280691E715E770090110C /* Resources */ = {
			isa = PBXResourcesBuildPhase;
			buildActionMask = 2147483647;
			files = (
				1832807E1E715E770090110C /* LaunchScreen.storyboard in Resources */,
				1832807B1E715E770090110C /* Assets.xcassets in Resources */,
				183280791E715E770090110C /* Main.storyboard in Resources */,
			);
			runOnlyForDeploymentPostprocessing = 0;
		};
/* End PBXResourcesBuildPhase section */

/* Begin PBXSourcesBuildPhase section */
		183280671E715E770090110C /* Sources */ = {
			isa = PBXSourcesBuildPhase;
			buildActionMask = 2147483647;
			files = (
				183280761E715E770090110C /* ViewController.m in Sources */,
				183280731E715E770090110C /* AppDelegate.m in Sources */,
				183280701E715E770090110C /* main.m in Sources */,
			);
			runOnlyForDeploymentPostprocessing = 0;
		};
/* End PBXSourcesBuildPhase section */

/* Begin PBXVariantGroup section */
		183280771E715E770090110C /* Main.storyboard */ = {
			isa = PBXVariantGroup;
			children = (
				183280781E715E770090110C /* Base */,
			);
			name = Main.storyboard;
			sourceTree = "<group>";
		};
		1832807C1E715E770090110C /* LaunchScreen.storyboard */ = {
			isa = PBXVariantGroup;
			children = (
				1832807D1E715E770090110C /* Base */,
			);
			name = LaunchScreen.storyboard;
			sourceTree = "<group>";
		};
/* End PBXVariantGroup section */

/* Begin XCBuildConfiguration section */
		183280801E715E770090110C /* Debug */ = {
			isa = XCBuildConfiguration;
			buildSettings = {
				ALWAYS_SEARCH_USER_PATHS = NO;
				CLANG_ANALYZER_NONNULL = YES;
				CLANG_CXX_LANGUAGE_STANDARD = "gnu++0x";
				CLANG_CXX_LIBRARY = "libc++";
				CLANG_ENABLE_MODULES = YES;
				CLANG_ENABLE_OBJC_ARC = YES;
				CLANG_WARN_BOOL_CONVERSION = YES;
				CLANG_WARN_CONSTANT_CONVERSION = YES;
				CLANG_WARN_DIRECT_OBJC_ISA_USAGE = YES_ERROR;
				CLANG_WARN_DOCUMENTATION_COMMENTS = YES;
				CLANG_WARN_EMPTY_BODY = YES;
				CLANG_WARN_ENUM_CONVERSION = YES;
				CLANG_WARN_INFINITE_RECURSION = YES;
				CLANG_WARN_INT_CONVERSION = YES;
				CLANG_WARN_OBJC_ROOT_CLASS = YES_ERROR;
				CLANG_WARN_SUSPICIOUS_MOVES = YES;
				CLANG_WARN_UNREACHABLE_CODE = YES;
				CLANG_WARN__DUPLICATE_METHOD_MATCH = YES;
				"CODE_SIGN_IDENTITY[sdk=iphoneos*]" = "iPhone Developer";
				COPY_PHASE_STRIP = NO;
				DEBUG_INFORMATION_FORMAT = dwarf;
				ENABLE_STRICT_OBJC_MSGSEND = YES;
				ENABLE_TESTABILITY = YES;
				GCC_C_LANGUAGE_STANDARD = gnu99;
				GCC_DYNAMIC_NO_PIC = NO;
				GCC_NO_COMMON_BLOCKS = YES;
				GCC_OPTIMIZATION_LEVEL = 0;
				GCC_PREPROCESSOR_DEFINITIONS = (
					"DEBUG=1",
					"$(inherited)",
				);
				GCC_WARN_64_TO_32_BIT_CONVERSION = YES;
				GCC_WARN_ABOUT_RETURN_TYPE = YES_ERROR;
				GCC_WARN_UNDECLARED_SELECTOR = YES;
				GCC_WARN_UNINITIALIZED_AUTOS = YES_AGGRESSIVE;
				GCC_WARN_UNUSED_FUNCTION = YES;
				GCC_WARN_UNUSED_VARIABLE = YES;
				IPHONEOS_DEPLOYMENT_TARGET = 10.0;
				MTL_ENABLE_DEBUG_INFO = YES;
				ONLY_ACTIVE_ARCH = YES;
				SDKROOT = iphoneos;
			};
			name = Debug;
		};
		183280811E715E770090110C /* Release */ = {
			isa = XCBuildConfiguration;
			buildSettings = {
				ALWAYS_SEARCH_USER_PATHS = NO;
				CLANG_ANALYZER_NONNULL = YES;
				CLANG_CXX_LANGUAGE_STANDARD = "gnu++0x";
				CLANG_CXX_LIBRARY = "libc++";
				CLANG_ENABLE_MODULES = YES;
				CLANG_ENABLE_OBJC_ARC = YES;
				CLANG_WARN_BOOL_CONVERSION = YES;
				CLANG_WARN_CONSTANT_CONVERSION = YES;
				CLANG_WARN_DIRECT_OBJC_ISA_USAGE = YES_ERROR;
				CLANG_WARN_DOCUMENTATION_COMMENTS = YES;
				CLANG_WARN_EMPTY_BODY = YES;
				CLANG_WARN_ENUM_CONVERSION = YES;
				CLANG_WARN_INFINITE_RECURSION = YES;
				CLANG_WARN_INT_CONVERSION = YES;
				CLANG_WARN_OBJC_ROOT_CLASS = YES_ERROR;
				CLANG_WARN_SUSPICIOUS_MOVES = YES;
				CLANG_WARN_UNREACHABLE_CODE = YES;
				CLANG_WARN__DUPLICATE_METHOD_MATCH = YES;
				"CODE_SIGN_IDENTITY[sdk=iphoneos*]" = "iPhone Developer";
				COPY_PHASE_STRIP = NO;
				DEBUG_INFORMATION_FORMAT = "dwarf-with-dsym";
				ENABLE_NS_ASSERTIONS = NO;
				ENABLE_STRICT_OBJC_MSGSEND = YES;
				GCC_C_LANGUAGE_STANDARD = gnu99;
				GCC_NO_COMMON_BLOCKS = YES;
				GCC_WARN_64_TO_32_BIT_CONVERSION = YES;
				GCC_WARN_ABOUT_RETURN_TYPE = YES_ERROR;
				GCC_WARN_UNDECLARED_SELECTOR = YES;
				GCC_WARN_UNINITIALIZED_AUTOS = YES_AGGRESSIVE;
				GCC_WARN_UNUSED_FUNCTION = YES;
				GCC_WARN_UNUSED_VARIABLE = YES;
				IPHONEOS_DEPLOYMENT_TARGET = 10.0;
				MTL_ENABLE_DEBUG_INFO = NO;
				SDKROOT = iphoneos;
				VALIDATE_PRODUCT = YES;
			};
			name = Release;
		};
		183280831E715E770090110C /* Debug */ = {
			isa = XCBuildConfiguration;
			buildSettings = {
				ASSETCATALOG_COMPILER_APPICON_NAME = AppIcon;
				DEVELOPMENT_TEAM = 686TP5D9Q7;
				INFOPLIST_FILE = LeastSquare/Info.plist;
				LD_RUNPATH_SEARCH_PATHS = "$(inherited) @executable_path/Frameworks";
				PRODUCT_BUNDLE_IDENTIFIER = LeastSquare.LeastSquare;
				PRODUCT_NAME = "$(TARGET_NAME)";
			};
			name = Debug;
		};
		183280841E715E770090110C /* Release */ = {
			isa = XCBuildConfiguration;
			buildSettings = {
				ASSETCATALOG_COMPILER_APPICON_NAME = AppIcon;
				DEVELOPMENT_TEAM = 686TP5D9Q7;
				INFOPLIST_FILE = LeastSquare/Info.plist;
				LD_RUNPATH_SEARCH_PATHS = "$(inherited) @executable_path/Frameworks";
				PRODUCT_BUNDLE_IDENTIFIER = LeastSquare.LeastSquare;
				PRODUCT_NAME = "$(TARGET_NAME)";
			};
			name = Release;
		};
/* End XCBuildConfiguration section */

/* Begin XCConfigurationList section */
		183280661E715E770090110C /* Build configuration list for PBXProject "LeastSquare" */ = {
			isa = XCConfigurationList;
			buildConfigurations = (
				183280801E715E770090110C /* Debug */,
				183280811E715E770090110C /* Release */,
			);
			defaultConfigurationIsVisible = 0;
			defaultConfigurationName = Release;
		};
		183280821E715E770090110C /* Build configuration list for PBXNativeTarget "LeastSquare" */ = {
			isa = XCConfigurationList;
			buildConfigurations = (
				183280831E715E770090110C /* Debug */,
				183280841E715E770090110C /* Release */,
			);
			defaultConfigurationIsVisible = 0;
		};
/* End XCConfigurationList section */
	};
	rootObject = 183280631E715E770090110C /* Project object */;
}
